
Microsoft Visual Studio Solution File, Format Version 12.00
# Visual Studio Version 17
VisualStudioVersion = 17.6.33723.286
MinimumVisualStudioVersion = 10.0.40219.1
Project("{9A19103F-16F7-4668-BE54-9A1E7A4F7556}") = "PuzzleSolver", "PuzzleSolver\PuzzleSolver.csproj", "{C65EB1DE-A769-4CEC-A4BF-4597794052B4}"
EndProject
Project("{FAE04EC0-301F-11D3-BF4B-00C04F79EFBC}") = "PuzzleSolverTests", "PuzzleSolverTests\PuzzleSolverTests.csproj", "{0463629A-A473-4CA6-88D7-E92454839083}"
EndProject
Global
	GlobalSection(SolutionConfigurationPlatforms) = preSolution
		Debug|Any CPU = Debug|Any CPU
		Release|Any CPU = Release|Any CPU
	EndGlobalSection
	GlobalSection(ProjectConfigurationPlatforms) = postSolution
		{C65EB1DE-A769-4CEC-A4BF-4597794052B4}.Debug|Any CPU.ActiveCfg = Debug|Any CPU
		{C65EB1DE-A769-4CEC-A4BF-4597794052B4}.Debug|Any CPU.Build.0 = Debug|Any CPU
		{C65EB1DE-A769-4CEC-A4BF-4597794052B4}.Release|Any CPU.ActiveCfg = Release|Any CPU
		{C65EB1DE-A769-4CEC-A4BF-4597794052B4}.Release|Any CPU.Build.0 = Release|Any CPU
		{0463629A-A473-4CA6-88D7-E92454839083}.Debug|Any CPU.ActiveCfg = Debug|Any CPU
		{0463629A-A473-4CA6-88D7-E92454839083}.Debug|Any CPU.Build.0 = Debug|Any CPU
		{0463629A-A473-4CA6-88D7-E92454839083}.Release|Any CPU.ActiveCfg = Release|Any CPU
		{0463629A-A473-4CA6-88D7-E92454839083}.Release|Any CPU.Build.0 = Release|Any CPU
	EndGlobalSection
	GlobalSection(SolutionProperties) = preSolution
		HideSolutionNode = FALSE
	EndGlobalSection
	GlobalSection(ExtensibilityGlobals) = postSolution
		SolutionGuid = {D39127AE-563F-46DE-AE7A-F093A1D3B7A0}
	EndGlobalSection
EndGlobal
